
Microsoft Visual Studio Solution File, Format Version 12.00
# Visual Studio Version 16
VisualStudioVersion = 16.0.29920.165
MinimumVisualStudioVersion = 10.0.40219.1
Project("{9A19103F-16F7-4668-BE54-9A1E7A4F7556}") = "WebApiTest", "WebApiTest\WebApiTest.csproj", "{4EC78617-29BD-4930-BE46-CF88CAA7ED04}"
EndProject
Project("{9A19103F-16F7-4668-BE54-9A1E7A4F7556}") = "WebApiTest.Domain", "WebApiTest.Domain\WebApiTest.Domain.csproj", "{E4D915C9-00C2-4B23-82A8-42E4E0912181}"
EndProject
Project("{9A19103F-16F7-4668-BE54-9A1E7A4F7556}") = "WebApiTest.Application", "WebApiTest.Application\WebApiTest.Application.csproj", "{B73C1CC2-5035-424D-A3A8-8D7D92F0D9E7}"
EndProject
Project("{9A19103F-16F7-4668-BE54-9A1E7A4F7556}") = "WebApi.Infrastructure", "WebApi.Infrastructure\WebApi.Infrastructure.csproj", "{5378A0EB-4FD2-430C-930B-D63A6B308591}"
EndProject
Project("{9A19103F-16F7-4668-BE54-9A1E7A4F7556}") = "IdentityServer", "IdentityServer\IdentityServer.csproj", "{8D7A9C38-2AE4-4F3B-BBA9-6D4C18076CC5}"
EndProject
Project("{9A19103F-16F7-4668-BE54-9A1E7A4F7556}") = "MvcTest", "MvcTest\MvcTest.csproj", "{0DC4ADDB-2C0F-4C7C-9E97-27019C28336B}"
EndProject
Project("{2150E333-8FDC-42A3-9474-1A3956D46DE8}") = "WebApi", "WebApi", "{C5C0A7B5-AF78-488F-972F-9FAA37D334C8}"
EndProject
Project("{9A19103F-16F7-4668-BE54-9A1E7A4F7556}") = "WebApiTest.Rpc", "WebApiTest.Rpc\WebApiTest.Rpc.csproj", "{C762796D-BCDC-4BF1-988C-FE5FA2B3C130}"
EndProject
Project("{2150E333-8FDC-42A3-9474-1A3956D46DE8}") = "Test1", "Test1", "{F58D16B8-B7AF-40EF-B851-2D1AD51B8D2D}"
EndProject
Project("{2150E333-8FDC-42A3-9474-1A3956D46DE8}") = "Test2", "Test2", "{0423DC0F-6066-4CF0-82C2-0DEE128EA2DE}"
EndProject
Project("{9A19103F-16F7-4668-BE54-9A1E7A4F7556}") = "WebApiTest2", "WebApiTest2\WebApiTest2.csproj", "{07DA3818-75E0-467F-A546-2C7D2DA9F323}"
EndProject
Project("{FAE04EC0-301F-11D3-BF4B-00C04F79EFBC}") = "WebApiTest2.Application", "WebApiTest2.Application\WebApiTest2.Application.csproj", "{138BE416-1536-4E06-AA29-6AC470DBFDCC}"
EndProject
Project("{FAE04EC0-301F-11D3-BF4B-00C04F79EFBC}") = "WebApiTest2.Domain", "WebApiTest2.Domain\WebApiTest2.Domain.csproj", "{1D9B7EBC-ECA1-47E5-927B-70DA3394742E}"
EndProject
Project("{E53339B2-1760-4266-BCC7-CA923CBCF16C}") = "docker-compose", "docker-compose.dcproj", "{AAA48066-1614-46C9-84BC-EAE1F0C82F6A}"
EndProject
Project("{2150E333-8FDC-42A3-9474-1A3956D46DE8}") = "Infrastructure", "Infrastructure", "{AB15B7E6-9F26-4B56-889B-A13A6235B1E8}"
EndProject
Project("{2150E333-8FDC-42A3-9474-1A3956D46DE8}") = "Ids4", "Ids4", "{09A84203-C874-4898-B7AB-40FDD54DAD50}"
EndProject
Project("{2150E333-8FDC-42A3-9474-1A3956D46DE8}") = "Client", "Client", "{753CAADF-937B-4A07-98FD-4EAD9FD83BFC}"
EndProject
Global
	GlobalSection(SolutionConfigurationPlatforms) = preSolution
		Debug|Any CPU = Debug|Any CPU
		Release|Any CPU = Release|Any CPU
	EndGlobalSection
	GlobalSection(ProjectConfigurationPlatforms) = postSolution
		{4EC78617-29BD-4930-BE46-CF88CAA7ED04}.Debug|Any CPU.ActiveCfg = Debug|Any CPU
		{4EC78617-29BD-4930-BE46-CF88CAA7ED04}.Debug|Any CPU.Build.0 = Debug|Any CPU
		{4EC78617-29BD-4930-BE46-CF88CAA7ED04}.Release|Any CPU.ActiveCfg = Release|Any CPU
		{4EC78617-29BD-4930-BE46-CF88CAA7ED04}.Release|Any CPU.Build.0 = Release|Any CPU
		{E4D915C9-00C2-4B23-82A8-42E4E0912181}.Debug|Any CPU.ActiveCfg = Debug|Any CPU
		{E4D915C9-00C2-4B23-82A8-42E4E0912181}.Debug|Any CPU.Build.0 = Debug|Any CPU
		{E4D915C9-00C2-4B23-82A8-42E4E0912181}.Release|Any CPU.ActiveCfg = Release|Any CPU
		{E4D915C9-00C2-4B23-82A8-42E4E0912181}.Release|Any CPU.Build.0 = Release|Any CPU
		{B73C1CC2-5035-424D-A3A8-8D7D92F0D9E7}.Debug|Any CPU.ActiveCfg = Debug|Any CPU
		{B73C1CC2-5035-424D-A3A8-8D7D92F0D9E7}.Debug|Any CPU.Build.0 = Debug|Any CPU
		{B73C1CC2-5035-424D-A3A8-8D7D92F0D9E7}.Release|Any CPU.ActiveCfg = Release|Any CPU
		{B73C1CC2-5035-424D-A3A8-8D7D92F0D9E7}.Release|Any CPU.Build.0 = Release|Any CPU
		{5378A0EB-4FD2-430C-930B-D63A6B308591}.Debug|Any CPU.ActiveCfg = Debug|Any CPU
		{5378A0EB-4FD2-430C-930B-D63A6B308591}.Debug|Any CPU.Build.0 = Debug|Any CPU
		{5378A0EB-4FD2-430C-930B-D63A6B308591}.Release|Any CPU.ActiveCfg = Release|Any CPU
		{5378A0EB-4FD2-430C-930B-D63A6B308591}.Release|Any CPU.Build.0 = Release|Any CPU
		{8D7A9C38-2AE4-4F3B-BBA9-6D4C18076CC5}.Debug|Any CPU.ActiveCfg = Debug|Any CPU
		{8D7A9C38-2AE4-4F3B-BBA9-6D4C18076CC5}.Debug|Any CPU.Build.0 = Debug|Any CPU
		{8D7A9C38-2AE4-4F3B-BBA9-6D4C18076CC5}.Release|Any CPU.ActiveCfg = Release|Any CPU
		{8D7A9C38-2AE4-4F3B-BBA9-6D4C18076CC5}.Release|Any CPU.Build.0 = Release|Any CPU
		{0DC4ADDB-2C0F-4C7C-9E97-27019C28336B}.Debug|Any CPU.ActiveCfg = Debug|Any CPU
		{0DC4ADDB-2C0F-4C7C-9E97-27019C28336B}.Debug|Any CPU.Build.0 = Debug|Any CPU
		{0DC4ADDB-2C0F-4C7C-9E97-27019C28336B}.Release|Any CPU.ActiveCfg = Release|Any CPU
		{0DC4ADDB-2C0F-4C7C-9E97-27019C28336B}.Release|Any CPU.Build.0 = Release|Any CPU
		{C762796D-BCDC-4BF1-988C-FE5FA2B3C130}.Debug|Any CPU.ActiveCfg = Debug|Any CPU
		{C762796D-BCDC-4BF1-988C-FE5FA2B3C130}.Debug|Any CPU.Build.0 = Debug|Any CPU
		{C762796D-BCDC-4BF1-988C-FE5FA2B3C130}.Release|Any CPU.ActiveCfg = Release|Any CPU
		{C762796D-BCDC-4BF1-988C-FE5FA2B3C130}.Release|Any CPU.Build.0 = Release|Any CPU
		{07DA3818-75E0-467F-A546-2C7D2DA9F323}.Debug|Any CPU.ActiveCfg = Debug|Any CPU
		{07DA3818-75E0-467F-A546-2C7D2DA9F323}.Debug|Any CPU.Build.0 = Debug|Any CPU
		{07DA3818-75E0-467F-A546-2C7D2DA9F323}.Release|Any CPU.ActiveCfg = Release|Any CPU
		{07DA3818-75E0-467F-A546-2C7D2DA9F323}.Release|Any CPU.Build.0 = Release|Any CPU
		{138BE416-1536-4E06-AA29-6AC470DBFDCC}.Debug|Any CPU.ActiveCfg = Debug|Any CPU
		{138BE416-1536-4E06-AA29-6AC470DBFDCC}.Debug|Any CPU.Build.0 = Debug|Any CPU
		{138BE416-1536-4E06-AA29-6AC470DBFDCC}.Release|Any CPU.ActiveCfg = Release|Any CPU
		{138BE416-1536-4E06-AA29-6AC470DBFDCC}.Release|Any CPU.Build.0 = Release|Any CPU
		{1D9B7EBC-ECA1-47E5-927B-70DA3394742E}.Debug|Any CPU.ActiveCfg = Debug|Any CPU
		{1D9B7EBC-ECA1-47E5-927B-70DA3394742E}.Debug|Any CPU.Build.0 = Debug|Any CPU
		{1D9B7EBC-ECA1-47E5-927B-70DA3394742E}.Release|Any CPU.ActiveCfg = Release|Any CPU
		{1D9B7EBC-ECA1-47E5-927B-70DA3394742E}.Release|Any CPU.Build.0 = Release|Any CPU
		{AAA48066-1614-46C9-84BC-EAE1F0C82F6A}.Debug|Any CPU.ActiveCfg = Debug|Any CPU
		{AAA48066-1614-46C9-84BC-EAE1F0C82F6A}.Debug|Any CPU.Build.0 = Debug|Any CPU
		{AAA48066-1614-46C9-84BC-EAE1F0C82F6A}.Release|Any CPU.ActiveCfg = Release|Any CPU
		{AAA48066-1614-46C9-84BC-EAE1F0C82F6A}.Release|Any CPU.Build.0 = Release|Any CPU
	EndGlobalSection
	GlobalSection(SolutionProperties) = preSolution
		HideSolutionNode = FALSE
	EndGlobalSection
	GlobalSection(NestedProjects) = preSolution
		{4EC78617-29BD-4930-BE46-CF88CAA7ED04} = {F58D16B8-B7AF-40EF-B851-2D1AD51B8D2D}
		{E4D915C9-00C2-4B23-82A8-42E4E0912181} = {F58D16B8-B7AF-40EF-B851-2D1AD51B8D2D}
		{B73C1CC2-5035-424D-A3A8-8D7D92F0D9E7} = {F58D16B8-B7AF-40EF-B851-2D1AD51B8D2D}
		{5378A0EB-4FD2-430C-930B-D63A6B308591} = {AB15B7E6-9F26-4B56-889B-A13A6235B1E8}
		{8D7A9C38-2AE4-4F3B-BBA9-6D4C18076CC5} = {09A84203-C874-4898-B7AB-40FDD54DAD50}
		{0DC4ADDB-2C0F-4C7C-9E97-27019C28336B} = {753CAADF-937B-4A07-98FD-4EAD9FD83BFC}
		{C762796D-BCDC-4BF1-988C-FE5FA2B3C130} = {F58D16B8-B7AF-40EF-B851-2D1AD51B8D2D}
		{F58D16B8-B7AF-40EF-B851-2D1AD51B8D2D} = {C5C0A7B5-AF78-488F-972F-9FAA37D334C8}
		{0423DC0F-6066-4CF0-82C2-0DEE128EA2DE} = {C5C0A7B5-AF78-488F-972F-9FAA37D334C8}
		{07DA3818-75E0-467F-A546-2C7D2DA9F323} = {0423DC0F-6066-4CF0-82C2-0DEE128EA2DE}
		{138BE416-1536-4E06-AA29-6AC470DBFDCC} = {0423DC0F-6066-4CF0-82C2-0DEE128EA2DE}
		{1D9B7EBC-ECA1-47E5-927B-70DA3394742E} = {0423DC0F-6066-4CF0-82C2-0DEE128EA2DE}
	EndGlobalSection
	GlobalSection(ExtensibilityGlobals) = postSolution
		SolutionGuid = {D7CECB9A-1739-4C0C-B8D3-0FB9CAAABFB0}
	EndGlobalSection
EndGlobal
