
Microsoft Visual Studio Solution File, Format Version 12.00
# Visual Studio Version 16
VisualStudioVersion = 16.0.29920.165
MinimumVisualStudioVersion = 10.0.40219.1
Project("{9A19103F-16F7-4668-BE54-9A1E7A4F7556}") = "WebApiTest", "WebApiTest\WebApiTest.csproj", "{4EC78617-29BD-4930-BE46-CF88CAA7ED04}"
EndProject
Project("{9A19103F-16F7-4668-BE54-9A1E7A4F7556}") = "WebApiTest.Domain", "WebApiTest.Domain\WebApiTest.Domain.csproj", "{E4D915C9-00C2-4B23-82A8-42E4E0912181}"
EndProject
Project("{9A19103F-16F7-4668-BE54-9A1E7A4F7556}") = "WebApiTest.Application", "WebApiTest.Application\WebApiTest.Application.csproj", "{B73C1CC2-5035-424D-A3A8-8D7D92F0D9E7}"
EndProject
Project("{9A19103F-16F7-4668-BE54-9A1E7A4F7556}") = "WebApi.Infrastructure", "WebApi.Infrastructure\WebApi.Infrastructure.csproj", "{5378A0EB-4FD2-430C-930B-D63A6B308591}"
EndProject
Project("{9A19103F-16F7-4668-BE54-9A1E7A4F7556}") = "IdentityServer", "IdentityServer\IdentityServer.csproj", "{8D7A9C38-2AE4-4F3B-BBA9-6D4C18076CC5}"
EndProject
Project("{9A19103F-16F7-4668-BE54-9A1E7A4F7556}") = "MvcTest", "MvcTest\MvcTest.csproj", "{0DC4ADDB-2C0F-4C7C-9E97-27019C28336B}"
EndProject
Project("{2150E333-8FDC-42A3-9474-1A3956D46DE8}") = "WebApi", "WebApi", "{C5C0A7B5-AF78-488F-972F-9FAA37D334C8}"
EndProject
Project("{9A19103F-16F7-4668-BE54-9A1E7A4F7556}") = "WebApiTest.Rpc", "WebApiTest.Rpc\WebApiTest.Rpc.csproj", "{C762796D-BCDC-4BF1-988C-FE5FA2B3C130}"
EndProject
Project("{2150E333-8FDC-42A3-9474-1A3956D46DE8}") = "Test1", "Test1", "{F58D16B8-B7AF-40EF-B851-2D1AD51B8D2D}"
EndProject
Project("{2150E333-8FDC-42A3-9474-1A3956D46DE8}") = "Test2", "Test2", "{0423DC0F-6066-4CF0-82C2-0DEE128EA2DE}"
EndProject
Project("{9A19103F-16F7-4668-BE54-9A1E7A4F7556}") = "WebApiTest2", "WebApiTest2\WebApiTest2.csproj", "{07DA3818-75E0-467F-A546-2C7D2DA9F323}"
EndProject
Project("{9A19103F-16F7-4668-BE54-9A1E7A4F7556}") = "WebApiTest2.Application", "WebApiTest2.Application\WebApiTest2.Application.csproj", "{138BE416-1536-4E06-AA29-6AC470DBFDCC}"
EndProject
Project("{9A19103F-16F7-4668-BE54-9A1E7A4F7556}") = "WebApiTest2.Domain", "WebApiTest2.Domain\WebApiTest2.Domain.csproj", "{1D9B7EBC-ECA1-47E5-927B-70DA3394742E}"
EndProject
Project("{E53339B2-1760-4266-BCC7-CA923CBCF16C}") = "docker-compose", "docker-compose.dcproj", "{AAA48066-1614-46C9-84BC-EAE1F0C82F6A}"
EndProject
Project("{2150E333-8FDC-42A3-9474-1A3956D46DE8}") = "Infrastructure", "Infrastructure", "{AB15B7E6-9F26-4B56-889B-A13A6235B1E8}"
EndProject
Project("{2150E333-8FDC-42A3-9474-1A3956D46DE8}") = "Ids4", "Ids4", "{09A84203-C874-4898-B7AB-40FDD54DAD50}"
EndProject
Project("{2150E333-8FDC-42A3-9474-1A3956D46DE8}") = "Client", "Client", "{753CAADF-937B-4A07-98FD-4EAD9FD83BFC}"
EndProject
Project("{2150E333-8FDC-42A3-9474-1A3956D46DE8}") = "Images", "Images", "{95B25880-2751-4D45-B170-8D3A53E09FBD}"
EndProject
Project("{2150E333-8FDC-42A3-9474-1A3956D46DE8}") = "nginx", "nginx", "{00810006-C742-4403-A7C3-32E413B703FA}"
EndProject
Project("{2150E333-8FDC-42A3-9474-1A3956D46DE8}") = "conf", "conf", "{AF87A596-DA08-47EA-9AD5-8E191A7EFF6F}"
	ProjectSection(SolutionItems) = preProject
		Images\nginx\conf\nginx.conf = Images\nginx\conf\nginx.conf
	EndProjectSection
EndProject
Project("{2150E333-8FDC-42A3-9474-1A3956D46DE8}") = "redis", "redis", "{3503EDC8-4453-4D6E-B1C3-294FE40171BF}"
EndProject
Project("{2150E333-8FDC-42A3-9474-1A3956D46DE8}") = "www", "www", "{65A5C148-1DF1-4D2F-9F4E-7DE7FFAA0907}"
	ProjectSection(SolutionItems) = preProject
		Images\nginx\www\index.html = Images\nginx\www\index.html
	EndProjectSection
EndProject
Project("{2150E333-8FDC-42A3-9474-1A3956D46DE8}") = "www.willard.com", "www.willard.com", "{10C69B88-8DD6-49D9-885B-E0E5FDD4DD3A}"
	ProjectSection(SolutionItems) = preProject
		Images\nginx\www\www.willard.com\index.html = Images\nginx\www\www.willard.com\index.html
	EndProjectSection
EndProject
Project("{2150E333-8FDC-42A3-9474-1A3956D46DE8}") = "logs", "logs", "{C4D40AD4-4C37-4DA5-B918-F639C4335F7A}"
	ProjectSection(SolutionItems) = preProject
		Images\nginx\logs\access.log = Images\nginx\logs\access.log
		Images\nginx\logs\error.log = Images\nginx\logs\error.log
	EndProjectSection
EndProject
Project("{2150E333-8FDC-42A3-9474-1A3956D46DE8}") = "conf", "conf", "{099B417F-BC73-47B1-AE02-A825E0D65717}"
	ProjectSection(SolutionItems) = preProject
		Images\redis\conf\redis.conf = Images\redis\conf\redis.conf
	EndProjectSection
EndProject
Project("{2150E333-8FDC-42A3-9474-1A3956D46DE8}") = "data", "data", "{66D0C2F5-6FB4-4661-B3D0-E698604CE509}"
EndProject
Project("{2150E333-8FDC-42A3-9474-1A3956D46DE8}") = "logs", "logs", "{56D13211-541F-4476-BF0C-20E5F8DFB7F7}"
EndProject
Project("{2150E333-8FDC-42A3-9474-1A3956D46DE8}") = "mongo", "mongo", "{54708A39-507E-40AD-84C5-1F26233F6EE2}"
EndProject
Project("{2150E333-8FDC-42A3-9474-1A3956D46DE8}") = "data", "data", "{5B853DBC-024C-4009-986A-F8B70376F0CF}"
EndProject
Project("{2150E333-8FDC-42A3-9474-1A3956D46DE8}") = "logs", "logs", "{45CB8FAC-70B3-41FD-BAAE-8468373B8B8A}"
EndProject
Project("{2150E333-8FDC-42A3-9474-1A3956D46DE8}") = "elasticsearch", "elasticsearch", "{F6FD0829-67BF-4D09-B2D1-56D07C15D594}"
EndProject
Project("{2150E333-8FDC-42A3-9474-1A3956D46DE8}") = "data", "data", "{026B71CE-8152-4C31-B05E-7D024B290DB6}"
EndProject
Project("{2150E333-8FDC-42A3-9474-1A3956D46DE8}") = "config", "config", "{C5360AC9-6D1D-4FCB-A7B8-1092858DC278}"
	ProjectSection(SolutionItems) = preProject
		Images\elasticsearch\config\elasticsearch.yml = Images\elasticsearch\config\elasticsearch.yml
		Images\elasticsearch\config\jvm.options = Images\elasticsearch\config\jvm.options
	EndProjectSection
EndProject
Project("{2150E333-8FDC-42A3-9474-1A3956D46DE8}") = "logs", "logs", "{EC74030A-4BFB-409E-83D8-B400363CBA14}"
EndProject
Project("{2150E333-8FDC-42A3-9474-1A3956D46DE8}") = "kibana", "kibana", "{EBA0872E-FB23-44EB-BB98-47E02E7529F2}"
EndProject
Project("{2150E333-8FDC-42A3-9474-1A3956D46DE8}") = "config", "config", "{9511CEA5-0818-4537-BA31-D9BBB7C4CD7C}"
	ProjectSection(SolutionItems) = preProject
		Images\kibana\config\kibana.yml = Images\kibana\config\kibana.yml
	EndProjectSection
EndProject
Project("{2150E333-8FDC-42A3-9474-1A3956D46DE8}") = "rabbitmq", "rabbitmq", "{0C5881ED-74B1-4CFB-98D9-0E402C65F2E6}"
EndProject
Project("{2150E333-8FDC-42A3-9474-1A3956D46DE8}") = "logs", "logs", "{D0873A8B-0A0F-4E18-A82F-9B9628CE558A}"
EndProject
Project("{2150E333-8FDC-42A3-9474-1A3956D46DE8}") = "data", "data", "{F31E429B-B5A2-4162-93BC-8E76B5B4060E}"
EndProject
Project("{2150E333-8FDC-42A3-9474-1A3956D46DE8}") = "zookeeper", "zookeeper", "{7150995E-7392-4B11-9A36-AE43310C2718}"
EndProject
Project("{2150E333-8FDC-42A3-9474-1A3956D46DE8}") = "cfg", "cfg", "{0C507650-77F6-41BD-8BEE-3150ECCAF45A}"
	ProjectSection(SolutionItems) = preProject
		Images\zookeeper\cfg\zoo.cfg = Images\zookeeper\cfg\zoo.cfg
	EndProjectSection
EndProject
Project("{2150E333-8FDC-42A3-9474-1A3956D46DE8}") = "data", "data", "{899A26B9-AC32-45B2-8D42-AFD9922B40E7}"
EndProject
Project("{2150E333-8FDC-42A3-9474-1A3956D46DE8}") = "datalog", "datalog", "{17F643F4-8256-4792-9A6A-562F2BEFBD69}"
EndProject
Global
	GlobalSection(SolutionConfigurationPlatforms) = preSolution
		Debug|Any CPU = Debug|Any CPU
		Release|Any CPU = Release|Any CPU
	EndGlobalSection
	GlobalSection(ProjectConfigurationPlatforms) = postSolution
		{4EC78617-29BD-4930-BE46-CF88CAA7ED04}.Debug|Any CPU.ActiveCfg = Debug|Any CPU
		{4EC78617-29BD-4930-BE46-CF88CAA7ED04}.Debug|Any CPU.Build.0 = Debug|Any CPU
		{4EC78617-29BD-4930-BE46-CF88CAA7ED04}.Release|Any CPU.ActiveCfg = Release|Any CPU
		{4EC78617-29BD-4930-BE46-CF88CAA7ED04}.Release|Any CPU.Build.0 = Release|Any CPU
		{E4D915C9-00C2-4B23-82A8-42E4E0912181}.Debug|Any CPU.ActiveCfg = Debug|Any CPU
		{E4D915C9-00C2-4B23-82A8-42E4E0912181}.Debug|Any CPU.Build.0 = Debug|Any CPU
		{E4D915C9-00C2-4B23-82A8-42E4E0912181}.Release|Any CPU.ActiveCfg = Release|Any CPU
		{E4D915C9-00C2-4B23-82A8-42E4E0912181}.Release|Any CPU.Build.0 = Release|Any CPU
		{B73C1CC2-5035-424D-A3A8-8D7D92F0D9E7}.Debug|Any CPU.ActiveCfg = Debug|Any CPU
		{B73C1CC2-5035-424D-A3A8-8D7D92F0D9E7}.Debug|Any CPU.Build.0 = Debug|Any CPU
		{B73C1CC2-5035-424D-A3A8-8D7D92F0D9E7}.Release|Any CPU.ActiveCfg = Release|Any CPU
		{B73C1CC2-5035-424D-A3A8-8D7D92F0D9E7}.Release|Any CPU.Build.0 = Release|Any CPU
		{5378A0EB-4FD2-430C-930B-D63A6B308591}.Debug|Any CPU.ActiveCfg = Debug|Any CPU
		{5378A0EB-4FD2-430C-930B-D63A6B308591}.Debug|Any CPU.Build.0 = Debug|Any CPU
		{5378A0EB-4FD2-430C-930B-D63A6B308591}.Release|Any CPU.ActiveCfg = Release|Any CPU
		{5378A0EB-4FD2-430C-930B-D63A6B308591}.Release|Any CPU.Build.0 = Release|Any CPU
		{8D7A9C38-2AE4-4F3B-BBA9-6D4C18076CC5}.Debug|Any CPU.ActiveCfg = Debug|Any CPU
		{8D7A9C38-2AE4-4F3B-BBA9-6D4C18076CC5}.Debug|Any CPU.Build.0 = Debug|Any CPU
		{8D7A9C38-2AE4-4F3B-BBA9-6D4C18076CC5}.Release|Any CPU.ActiveCfg = Release|Any CPU
		{8D7A9C38-2AE4-4F3B-BBA9-6D4C18076CC5}.Release|Any CPU.Build.0 = Release|Any CPU
		{0DC4ADDB-2C0F-4C7C-9E97-27019C28336B}.Debug|Any CPU.ActiveCfg = Debug|Any CPU
		{0DC4ADDB-2C0F-4C7C-9E97-27019C28336B}.Debug|Any CPU.Build.0 = Debug|Any CPU
		{0DC4ADDB-2C0F-4C7C-9E97-27019C28336B}.Release|Any CPU.ActiveCfg = Release|Any CPU
		{0DC4ADDB-2C0F-4C7C-9E97-27019C28336B}.Release|Any CPU.Build.0 = Release|Any CPU
		{C762796D-BCDC-4BF1-988C-FE5FA2B3C130}.Debug|Any CPU.ActiveCfg = Debug|Any CPU
		{C762796D-BCDC-4BF1-988C-FE5FA2B3C130}.Debug|Any CPU.Build.0 = Debug|Any CPU
		{C762796D-BCDC-4BF1-988C-FE5FA2B3C130}.Release|Any CPU.ActiveCfg = Release|Any CPU
		{C762796D-BCDC-4BF1-988C-FE5FA2B3C130}.Release|Any CPU.Build.0 = Release|Any CPU
		{07DA3818-75E0-467F-A546-2C7D2DA9F323}.Debug|Any CPU.ActiveCfg = Debug|Any CPU
		{07DA3818-75E0-467F-A546-2C7D2DA9F323}.Debug|Any CPU.Build.0 = Debug|Any CPU
		{07DA3818-75E0-467F-A546-2C7D2DA9F323}.Release|Any CPU.ActiveCfg = Release|Any CPU
		{07DA3818-75E0-467F-A546-2C7D2DA9F323}.Release|Any CPU.Build.0 = Release|Any CPU
		{138BE416-1536-4E06-AA29-6AC470DBFDCC}.Debug|Any CPU.ActiveCfg = Debug|Any CPU
		{138BE416-1536-4E06-AA29-6AC470DBFDCC}.Debug|Any CPU.Build.0 = Debug|Any CPU
		{138BE416-1536-4E06-AA29-6AC470DBFDCC}.Release|Any CPU.ActiveCfg = Release|Any CPU
		{138BE416-1536-4E06-AA29-6AC470DBFDCC}.Release|Any CPU.Build.0 = Release|Any CPU
		{1D9B7EBC-ECA1-47E5-927B-70DA3394742E}.Debug|Any CPU.ActiveCfg = Debug|Any CPU
		{1D9B7EBC-ECA1-47E5-927B-70DA3394742E}.Debug|Any CPU.Build.0 = Debug|Any CPU
		{1D9B7EBC-ECA1-47E5-927B-70DA3394742E}.Release|Any CPU.ActiveCfg = Release|Any CPU
		{1D9B7EBC-ECA1-47E5-927B-70DA3394742E}.Release|Any CPU.Build.0 = Release|Any CPU
		{AAA48066-1614-46C9-84BC-EAE1F0C82F6A}.Debug|Any CPU.ActiveCfg = Debug|Any CPU
		{AAA48066-1614-46C9-84BC-EAE1F0C82F6A}.Debug|Any CPU.Build.0 = Debug|Any CPU
		{AAA48066-1614-46C9-84BC-EAE1F0C82F6A}.Release|Any CPU.ActiveCfg = Release|Any CPU
		{AAA48066-1614-46C9-84BC-EAE1F0C82F6A}.Release|Any CPU.Build.0 = Release|Any CPU
	EndGlobalSection
	GlobalSection(SolutionProperties) = preSolution
		HideSolutionNode = FALSE
	EndGlobalSection
	GlobalSection(NestedProjects) = preSolution
		{4EC78617-29BD-4930-BE46-CF88CAA7ED04} = {F58D16B8-B7AF-40EF-B851-2D1AD51B8D2D}
		{E4D915C9-00C2-4B23-82A8-42E4E0912181} = {F58D16B8-B7AF-40EF-B851-2D1AD51B8D2D}
		{B73C1CC2-5035-424D-A3A8-8D7D92F0D9E7} = {F58D16B8-B7AF-40EF-B851-2D1AD51B8D2D}
		{5378A0EB-4FD2-430C-930B-D63A6B308591} = {AB15B7E6-9F26-4B56-889B-A13A6235B1E8}
		{8D7A9C38-2AE4-4F3B-BBA9-6D4C18076CC5} = {09A84203-C874-4898-B7AB-40FDD54DAD50}
		{0DC4ADDB-2C0F-4C7C-9E97-27019C28336B} = {753CAADF-937B-4A07-98FD-4EAD9FD83BFC}
		{C762796D-BCDC-4BF1-988C-FE5FA2B3C130} = {F58D16B8-B7AF-40EF-B851-2D1AD51B8D2D}
		{F58D16B8-B7AF-40EF-B851-2D1AD51B8D2D} = {C5C0A7B5-AF78-488F-972F-9FAA37D334C8}
		{0423DC0F-6066-4CF0-82C2-0DEE128EA2DE} = {C5C0A7B5-AF78-488F-972F-9FAA37D334C8}
		{07DA3818-75E0-467F-A546-2C7D2DA9F323} = {0423DC0F-6066-4CF0-82C2-0DEE128EA2DE}
		{138BE416-1536-4E06-AA29-6AC470DBFDCC} = {0423DC0F-6066-4CF0-82C2-0DEE128EA2DE}
		{1D9B7EBC-ECA1-47E5-927B-70DA3394742E} = {0423DC0F-6066-4CF0-82C2-0DEE128EA2DE}
		{00810006-C742-4403-A7C3-32E413B703FA} = {95B25880-2751-4D45-B170-8D3A53E09FBD}
		{AF87A596-DA08-47EA-9AD5-8E191A7EFF6F} = {00810006-C742-4403-A7C3-32E413B703FA}
		{3503EDC8-4453-4D6E-B1C3-294FE40171BF} = {95B25880-2751-4D45-B170-8D3A53E09FBD}
		{65A5C148-1DF1-4D2F-9F4E-7DE7FFAA0907} = {00810006-C742-4403-A7C3-32E413B703FA}
		{10C69B88-8DD6-49D9-885B-E0E5FDD4DD3A} = {65A5C148-1DF1-4D2F-9F4E-7DE7FFAA0907}
		{C4D40AD4-4C37-4DA5-B918-F639C4335F7A} = {00810006-C742-4403-A7C3-32E413B703FA}
		{099B417F-BC73-47B1-AE02-A825E0D65717} = {3503EDC8-4453-4D6E-B1C3-294FE40171BF}
		{66D0C2F5-6FB4-4661-B3D0-E698604CE509} = {3503EDC8-4453-4D6E-B1C3-294FE40171BF}
		{56D13211-541F-4476-BF0C-20E5F8DFB7F7} = {3503EDC8-4453-4D6E-B1C3-294FE40171BF}
		{54708A39-507E-40AD-84C5-1F26233F6EE2} = {95B25880-2751-4D45-B170-8D3A53E09FBD}
		{5B853DBC-024C-4009-986A-F8B70376F0CF} = {54708A39-507E-40AD-84C5-1F26233F6EE2}
		{45CB8FAC-70B3-41FD-BAAE-8468373B8B8A} = {54708A39-507E-40AD-84C5-1F26233F6EE2}
		{F6FD0829-67BF-4D09-B2D1-56D07C15D594} = {95B25880-2751-4D45-B170-8D3A53E09FBD}
		{026B71CE-8152-4C31-B05E-7D024B290DB6} = {F6FD0829-67BF-4D09-B2D1-56D07C15D594}
		{C5360AC9-6D1D-4FCB-A7B8-1092858DC278} = {F6FD0829-67BF-4D09-B2D1-56D07C15D594}
		{EC74030A-4BFB-409E-83D8-B400363CBA14} = {F6FD0829-67BF-4D09-B2D1-56D07C15D594}
		{EBA0872E-FB23-44EB-BB98-47E02E7529F2} = {95B25880-2751-4D45-B170-8D3A53E09FBD}
		{9511CEA5-0818-4537-BA31-D9BBB7C4CD7C} = {EBA0872E-FB23-44EB-BB98-47E02E7529F2}
		{0C5881ED-74B1-4CFB-98D9-0E402C65F2E6} = {95B25880-2751-4D45-B170-8D3A53E09FBD}
		{D0873A8B-0A0F-4E18-A82F-9B9628CE558A} = {0C5881ED-74B1-4CFB-98D9-0E402C65F2E6}
		{F31E429B-B5A2-4162-93BC-8E76B5B4060E} = {0C5881ED-74B1-4CFB-98D9-0E402C65F2E6}
		{7150995E-7392-4B11-9A36-AE43310C2718} = {95B25880-2751-4D45-B170-8D3A53E09FBD}
		{0C507650-77F6-41BD-8BEE-3150ECCAF45A} = {7150995E-7392-4B11-9A36-AE43310C2718}
		{899A26B9-AC32-45B2-8D42-AFD9922B40E7} = {7150995E-7392-4B11-9A36-AE43310C2718}
		{17F643F4-8256-4792-9A6A-562F2BEFBD69} = {7150995E-7392-4B11-9A36-AE43310C2718}
	EndGlobalSection
	GlobalSection(ExtensibilityGlobals) = postSolution
		SolutionGuid = {D7CECB9A-1739-4C0C-B8D3-0FB9CAAABFB0}
	EndGlobalSection
EndGlobal
